// !$*UTF8*$!
{
	archiveVersion = 1;
	classes = {
	};
	objectVersion = 48;
	objects = {

/* Begin PBXBuildFile section */
		0A36188F207FB52300273CC8 /* People.m in Sources */ = {isa = PBXBuildFile; fileRef = 0A36188E207FB52300273CC8 /* People.m */; };
		0A418ABF20E253A0004297E8 /* UYDatabase.m in Sources */ = {isa = PBXBuildFile; fileRef = 0A418ABE20E253A0004297E8 /* UYDatabase.m */; };
		0A418AC420E262E8004297E8 /* UYMasonryViweController.m in Sources */ = {isa = PBXBuildFile; fileRef = 0A418AC320E262E8004297E8 /* UYMasonryViweController.m */; };
		0A4B61DE2114657900D2DD32 /* UORefreshHeader.m in Sources */ = {isa = PBXBuildFile; fileRef = 0A4B61DD2114657900D2DD32 /* UORefreshHeader.m */; };
		0A4B61E1211465EC00D2DD32 /* UORefreshControl.m in Sources */ = {isa = PBXBuildFile; fileRef = 0A4B61E0211465EC00D2DD32 /* UORefreshControl.m */; };
		0A4B61E42114719600D2DD32 /* UOCircleView.m in Sources */ = {isa = PBXBuildFile; fileRef = 0A4B61E32114719600D2DD32 /* UOCircleView.m */; };
		0A4B61E721148AF400D2DD32 /* UOProgressViewController.m in Sources */ = {isa = PBXBuildFile; fileRef = 0A4B61E621148AF400D2DD32 /* UOProgressViewController.m */; };
		0A8393C7209B10F100EA1F84 /* UOPanInteractiveTransition.m in Sources */ = {isa = PBXBuildFile; fileRef = 0A8393C6209B10F100EA1F84 /* UOPanInteractiveTransition.m */; };
		0A8393CA209B141900EA1F84 /* UODismissAnimation.m in Sources */ = {isa = PBXBuildFile; fileRef = 0A8393C9209B141900EA1F84 /* UODismissAnimation.m */; };
		0A8393D1209B1B0200EA1F84 /* UOShowAnimation.m in Sources */ = {isa = PBXBuildFile; fileRef = 0A8393D0209B1B0200EA1F84 /* UOShowAnimation.m */; };
		0A8393D7209B4AC200EA1F84 /* UOModalViewController.m in Sources */ = {isa = PBXBuildFile; fileRef = 0A8393D6209B4AC200EA1F84 /* UOModalViewController.m */; };
		0A8393DB20A087A000EA1F84 /* JSOCHelper.m in Sources */ = {isa = PBXBuildFile; fileRef = 0A8393DA20A087A000EA1F84 /* JSOCHelper.m */; };
		0A8393DE20A0A48300EA1F84 /* UOWKScriptMessageHandler.m in Sources */ = {isa = PBXBuildFile; fileRef = 0A8393DD20A0A48300EA1F84 /* UOWKScriptMessageHandler.m */; };
		0A86992E20AB2EE1009DE0F7 /* MapModelToMadel2.xcmappingmodel in Sources */ = {isa = PBXBuildFile; fileRef = 0A86992D20AB2EE1009DE0F7 /* MapModelToMadel2.xcmappingmodel */; };
		0A86999120B2A86A009DE0F7 /* UOBaseObject.m in Sources */ = {isa = PBXBuildFile; fileRef = 0A86999020B2A86A009DE0F7 /* UOBaseObject.m */; };
		0A86999920B2C9E1009DE0F7 /* UOSubObject.m in Sources */ = {isa = PBXBuildFile; fileRef = 0A86999820B2C9E1009DE0F7 /* UOSubObject.m */; };
		0A92AE512119F1DF00DE827F /* UOBlocks.m in Sources */ = {isa = PBXBuildFile; fileRef = 0A92AE502119F1DF00DE827F /* UOBlocks.m */; };
		0ABB986020909EEE00079444 /* UOTableViewController.m in Sources */ = {isa = PBXBuildFile; fileRef = 0ABB985F20909EEE00079444 /* UOTableViewController.m */; };
		0ADC53D020A6CDEE0030DA5E /* Model.xcdatamodeld in Sources */ = {isa = PBXBuildFile; fileRef = 0ADC53CE20A6CDEE0030DA5E /* Model.xcdatamodeld */; };
		0AEE625C2046ECF1000714BD /* AppDelegate.m in Sources */ = {isa = PBXBuildFile; fileRef = 0AEE625B2046ECF1000714BD /* AppDelegate.m */; };
		0AEE625F2046ECF1000714BD /* ViewController.m in Sources */ = {isa = PBXBuildFile; fileRef = 0AEE625E2046ECF1000714BD /* ViewController.m */; };
		0AEE62622046ECF1000714BD /* Main.storyboard in Resources */ = {isa = PBXBuildFile; fileRef = 0AEE62602046ECF1000714BD /* Main.storyboard */; };
		0AEE62642046ECF1000714BD /* Assets.xcassets in Resources */ = {isa = PBXBuildFile; fileRef = 0AEE62632046ECF1000714BD /* Assets.xcassets */; };
		0AEE62672046ECF1000714BD /* LaunchScreen.storyboard in Resources */ = {isa = PBXBuildFile; fileRef = 0AEE62652046ECF1000714BD /* LaunchScreen.storyboard */; };
		0AEE626A2046ECF1000714BD /* main.m in Sources */ = {isa = PBXBuildFile; fileRef = 0AEE62692046ECF1000714BD /* main.m */; };
		0AF45B9E2080E776001F9765 /* Model.m in Sources */ = {isa = PBXBuildFile; fileRef = 0AF45B9D2080E776001F9765 /* Model.m */; };
		FA5B1AA6B32B3E0A1DC4E133 /* libPods-UOYIU.a in Frameworks */ = {isa = PBXBuildFile; fileRef = 4FD06ABCE49B14440D6EC710 /* libPods-UOYIU.a */; };
/* End PBXBuildFile section */

/* Begin PBXFileReference section */
		0A36188D207FB52300273CC8 /* People.h */ = {isa = PBXFileReference; lastKnownFileType = sourcecode.c.h; path = People.h; sourceTree = "<group>"; };
		0A36188E207FB52300273CC8 /* People.m */ = {isa = PBXFileReference; lastKnownFileType = sourcecode.c.objc; path = People.m; sourceTree = "<group>"; };
		0A418ABD20E253A0004297E8 /* UYDatabase.h */ = {isa = PBXFileReference; lastKnownFileType = sourcecode.c.h; path = UYDatabase.h; sourceTree = "<group>"; };
		0A418ABE20E253A0004297E8 /* UYDatabase.m */ = {isa = PBXFileReference; lastKnownFileType = sourcecode.c.objc; path = UYDatabase.m; sourceTree = "<group>"; };
		0A418AC220E262E8004297E8 /* UYMasonryViweController.h */ = {isa = PBXFileReference; lastKnownFileType = sourcecode.c.h; path = UYMasonryViweController.h; sourceTree = "<group>"; };
		0A418AC320E262E8004297E8 /* UYMasonryViweController.m */ = {isa = PBXFileReference; lastKnownFileType = sourcecode.c.objc; path = UYMasonryViweController.m; sourceTree = "<group>"; };
		0A4B61D8211464D600D2DD32 /* Info.plist */ = {isa = PBXFileReference; fileEncoding = 4; lastKnownFileType = text.plist.xml; path = Info.plist; sourceTree = "<group>"; };
		0A4B61DC2114657900D2DD32 /* UORefreshHeader.h */ = {isa = PBXFileReference; lastKnownFileType = sourcecode.c.h; path = UORefreshHeader.h; sourceTree = "<group>"; };
		0A4B61DD2114657900D2DD32 /* UORefreshHeader.m */ = {isa = PBXFileReference; lastKnownFileType = sourcecode.c.objc; path = UORefreshHeader.m; sourceTree = "<group>"; };
		0A4B61DF211465EC00D2DD32 /* UORefreshControl.h */ = {isa = PBXFileReference; lastKnownFileType = sourcecode.c.h; path = UORefreshControl.h; sourceTree = "<group>"; };
		0A4B61E0211465EC00D2DD32 /* UORefreshControl.m */ = {isa = PBXFileReference; lastKnownFileType = sourcecode.c.objc; path = UORefreshControl.m; sourceTree = "<group>"; };
		0A4B61E22114719600D2DD32 /* UOCircleView.h */ = {isa = PBXFileReference; lastKnownFileType = sourcecode.c.h; path = UOCircleView.h; sourceTree = "<group>"; };
		0A4B61E32114719600D2DD32 /* UOCircleView.m */ = {isa = PBXFileReference; lastKnownFileType = sourcecode.c.objc; path = UOCircleView.m; sourceTree = "<group>"; };
		0A4B61E521148AF400D2DD32 /* UOProgressViewController.h */ = {isa = PBXFileReference; lastKnownFileType = sourcecode.c.h; path = UOProgressViewController.h; sourceTree = "<group>"; };
		0A4B61E621148AF400D2DD32 /* UOProgressViewController.m */ = {isa = PBXFileReference; lastKnownFileType = sourcecode.c.objc; path = UOProgressViewController.m; sourceTree = "<group>"; };
		0A8393C5209B10F100EA1F84 /* UOPanInteractiveTransition.h */ = {isa = PBXFileReference; lastKnownFileType = sourcecode.c.h; path = UOPanInteractiveTransition.h; sourceTree = "<group>"; };
		0A8393C6209B10F100EA1F84 /* UOPanInteractiveTransition.m */ = {isa = PBXFileReference; lastKnownFileType = sourcecode.c.objc; path = UOPanInteractiveTransition.m; sourceTree = "<group>"; };
		0A8393C8209B141900EA1F84 /* UODismissAnimation.h */ = {isa = PBXFileReference; lastKnownFileType = sourcecode.c.h; path = UODismissAnimation.h; sourceTree = "<group>"; };
		0A8393C9209B141900EA1F84 /* UODismissAnimation.m */ = {isa = PBXFileReference; lastKnownFileType = sourcecode.c.objc; path = UODismissAnimation.m; sourceTree = "<group>"; };
		0A8393CF209B1B0200EA1F84 /* UOShowAnimation.h */ = {isa = PBXFileReference; lastKnownFileType = sourcecode.c.h; path = UOShowAnimation.h; sourceTree = "<group>"; };
		0A8393D0209B1B0200EA1F84 /* UOShowAnimation.m */ = {isa = PBXFileReference; lastKnownFileType = sourcecode.c.objc; path = UOShowAnimation.m; sourceTree = "<group>"; };
		0A8393D5209B4AC200EA1F84 /* UOModalViewController.h */ = {isa = PBXFileReference; lastKnownFileType = sourcecode.c.h; path = UOModalViewController.h; sourceTree = "<group>"; };
		0A8393D6209B4AC200EA1F84 /* UOModalViewController.m */ = {isa = PBXFileReference; lastKnownFileType = sourcecode.c.objc; path = UOModalViewController.m; sourceTree = "<group>"; };
		0A8393D920A087A000EA1F84 /* JSOCHelper.h */ = {isa = PBXFileReference; lastKnownFileType = sourcecode.c.h; path = JSOCHelper.h; sourceTree = "<group>"; };
		0A8393DA20A087A000EA1F84 /* JSOCHelper.m */ = {isa = PBXFileReference; lastKnownFileType = sourcecode.c.objc; path = JSOCHelper.m; sourceTree = "<group>"; };
		0A8393DC20A0A48300EA1F84 /* UOWKScriptMessageHandler.h */ = {isa = PBXFileReference; lastKnownFileType = sourcecode.c.h; path = UOWKScriptMessageHandler.h; sourceTree = "<group>"; };
		0A8393DD20A0A48300EA1F84 /* UOWKScriptMessageHandler.m */ = {isa = PBXFileReference; lastKnownFileType = sourcecode.c.objc; path = UOWKScriptMessageHandler.m; sourceTree = "<group>"; };
		0A86992C20A9DDBE009DE0F7 /* Model2.xcdatamodel */ = {isa = PBXFileReference; lastKnownFileType = wrapper.xcdatamodel; path = Model2.xcdatamodel; sourceTree = "<group>"; };
		0A86992D20AB2EE1009DE0F7 /* MapModelToMadel2.xcmappingmodel */ = {isa = PBXFileReference; lastKnownFileType = wrapper.xcmappingmodel; path = MapModelToMadel2.xcmappingmodel; sourceTree = "<group>"; };
		0A86998F20B2A869009DE0F7 /* UOBaseObject.h */ = {isa = PBXFileReference; lastKnownFileType = sourcecode.c.h; path = UOBaseObject.h; sourceTree = "<group>"; };
		0A86999020B2A86A009DE0F7 /* UOBaseObject.m */ = {isa = PBXFileReference; lastKnownFileType = sourcecode.c.objc; path = UOBaseObject.m; sourceTree = "<group>"; };
		0A86999620B2C78F009DE0F7 /* ModelSerialiseHelper.h */ = {isa = PBXFileReference; lastKnownFileType = sourcecode.c.h; path = ModelSerialiseHelper.h; sourceTree = "<group>"; };
		0A86999720B2C9E1009DE0F7 /* UOSubObject.h */ = {isa = PBXFileReference; lastKnownFileType = sourcecode.c.h; path = UOSubObject.h; sourceTree = "<group>"; };
		0A86999820B2C9E1009DE0F7 /* UOSubObject.m */ = {isa = PBXFileReference; lastKnownFileType = sourcecode.c.objc; path = UOSubObject.m; sourceTree = "<group>"; };
		0A92AE4F2119F1DF00DE827F /* UOBlocks.h */ = {isa = PBXFileReference; lastKnownFileType = sourcecode.c.h; path = UOBlocks.h; sourceTree = "<group>"; };
		0A92AE502119F1DF00DE827F /* UOBlocks.m */ = {isa = PBXFileReference; lastKnownFileType = sourcecode.c.objc; path = UOBlocks.m; sourceTree = "<group>"; };
		0ABB985E20909EEE00079444 /* UOTableViewController.h */ = {isa = PBXFileReference; lastKnownFileType = sourcecode.c.h; path = UOTableViewController.h; sourceTree = "<group>"; };
		0ABB985F20909EEE00079444 /* UOTableViewController.m */ = {isa = PBXFileReference; lastKnownFileType = sourcecode.c.objc; path = UOTableViewController.m; sourceTree = "<group>"; };
		0ADC53CF20A6CDEE0030DA5E /* Model.xcdatamodel */ = {isa = PBXFileReference; lastKnownFileType = wrapper.xcdatamodel; path = Model.xcdatamodel; sourceTree = "<group>"; };
		0AEE62572046ECF1000714BD /* UOYIU.app */ = {isa = PBXFileReference; explicitFileType = wrapper.application; includeInIndex = 0; path = UOYIU.app; sourceTree = BUILT_PRODUCTS_DIR; };
		0AEE625A2046ECF1000714BD /* AppDelegate.h */ = {isa = PBXFileReference; lastKnownFileType = sourcecode.c.h; path = AppDelegate.h; sourceTree = "<group>"; };
		0AEE625B2046ECF1000714BD /* AppDelegate.m */ = {isa = PBXFileReference; lastKnownFileType = sourcecode.c.objc; path = AppDelegate.m; sourceTree = "<group>"; };
		0AEE625D2046ECF1000714BD /* ViewController.h */ = {isa = PBXFileReference; lastKnownFileType = sourcecode.c.h; path = ViewController.h; sourceTree = "<group>"; };
		0AEE625E2046ECF1000714BD /* ViewController.m */ = {isa = PBXFileReference; lastKnownFileType = sourcecode.c.objc; path = ViewController.m; sourceTree = "<group>"; };
		0AEE62612046ECF1000714BD /* Base */ = {isa = PBXFileReference; lastKnownFileType = file.storyboard; name = Base; path = Base.lproj/Main.storyboard; sourceTree = "<group>"; };
		0AEE62632046ECF1000714BD /* Assets.xcassets */ = {isa = PBXFileReference; lastKnownFileType = folder.assetcatalog; path = Assets.xcassets; sourceTree = "<group>"; };
		0AEE62662046ECF1000714BD /* Base */ = {isa = PBXFileReference; lastKnownFileType = file.storyboard; name = Base; path = Base.lproj/LaunchScreen.storyboard; sourceTree = "<group>"; };
		0AEE62692046ECF1000714BD /* main.m */ = {isa = PBXFileReference; lastKnownFileType = sourcecode.c.objc; path = main.m; sourceTree = "<group>"; };
		0AF45B9C2080E776001F9765 /* Model.h */ = {isa = PBXFileReference; lastKnownFileType = sourcecode.c.h; path = Model.h; sourceTree = "<group>"; };
		0AF45B9D2080E776001F9765 /* Model.m */ = {isa = PBXFileReference; lastKnownFileType = sourcecode.c.objc; path = Model.m; sourceTree = "<group>"; };
		4FD06ABCE49B14440D6EC710 /* libPods-UOYIU.a */ = {isa = PBXFileReference; explicitFileType = archive.ar; includeInIndex = 0; path = "libPods-UOYIU.a"; sourceTree = BUILT_PRODUCTS_DIR; };
		83B3176D18362DE4156866A5 /* Pods-UOYIU.debug.xcconfig */ = {isa = PBXFileReference; includeInIndex = 1; lastKnownFileType = text.xcconfig; name = "Pods-UOYIU.debug.xcconfig"; path = "Pods/Target Support Files/Pods-UOYIU/Pods-UOYIU.debug.xcconfig"; sourceTree = "<group>"; };
		DEFE7633713A7F7A7958B03F /* Pods-UOYIU.inhouse.xcconfig */ = {isa = PBXFileReference; includeInIndex = 1; lastKnownFileType = text.xcconfig; name = "Pods-UOYIU.inhouse.xcconfig"; path = "Pods/Target Support Files/Pods-UOYIU/Pods-UOYIU.inhouse.xcconfig"; sourceTree = "<group>"; };
		EDACC1AF14C7CDD64D6D5056 /* Pods-UOYIU.release.xcconfig */ = {isa = PBXFileReference; includeInIndex = 1; lastKnownFileType = text.xcconfig; name = "Pods-UOYIU.release.xcconfig"; path = "Pods/Target Support Files/Pods-UOYIU/Pods-UOYIU.release.xcconfig"; sourceTree = "<group>"; };
/* End PBXFileReference section */

/* Begin PBXFrameworksBuildPhase section */
		0AEE62542046ECF1000714BD /* Frameworks */ = {
			isa = PBXFrameworksBuildPhase;
			buildActionMask = 2147483647;
			files = (
				FA5B1AA6B32B3E0A1DC4E133 /* libPods-UOYIU.a in Frameworks */,
			);
			runOnlyForDeploymentPostprocessing = 0;
		};
/* End PBXFrameworksBuildPhase section */

/* Begin PBXGroup section */
		0A418ABC20E252E8004297E8 /* Database */ = {
			isa = PBXGroup;
			children = (
				0A418ABD20E253A0004297E8 /* UYDatabase.h */,
				0A418ABE20E253A0004297E8 /* UYDatabase.m */,
			);
			path = Database;
			sourceTree = "<group>";
		};
		0A418AC120E262C0004297E8 /* Masonry */ = {
			isa = PBXGroup;
			children = (
				0A418AC220E262E8004297E8 /* UYMasonryViweController.h */,
				0A418AC320E262E8004297E8 /* UYMasonryViweController.m */,
			);
			path = Masonry;
			sourceTree = "<group>";
		};
		0A4B61D721145E1C00D2DD32 /* Resource */ = {
			isa = PBXGroup;
			children = (
				0AEE62602046ECF1000714BD /* Main.storyboard */,
				0AEE62632046ECF1000714BD /* Assets.xcassets */,
				0AEE62652046ECF1000714BD /* LaunchScreen.storyboard */,
				0ADC53CE20A6CDEE0030DA5E /* Model.xcdatamodeld */,
				0A86992D20AB2EE1009DE0F7 /* MapModelToMadel2.xcmappingmodel */,
				0AEE62692046ECF1000714BD /* main.m */,
			);
			path = Resource;
			sourceTree = "<group>";
		};
		0A4B61DB2114653100D2DD32 /* RefreshCircle */ = {
			isa = PBXGroup;
			children = (
				0ABB985E20909EEE00079444 /* UOTableViewController.h */,
				0ABB985F20909EEE00079444 /* UOTableViewController.m */,
				0A4B61E521148AF400D2DD32 /* UOProgressViewController.h */,
				0A4B61E621148AF400D2DD32 /* UOProgressViewController.m */,
				0A4B61E821149A4100D2DD32 /* RefreshControl */,
			);
			path = RefreshCircle;
			sourceTree = "<group>";
		};
		0A4B61E821149A4100D2DD32 /* RefreshControl */ = {
			isa = PBXGroup;
			children = (
				0A4B61DF211465EC00D2DD32 /* UORefreshControl.h */,
				0A4B61E0211465EC00D2DD32 /* UORefreshControl.m */,
				0A4B61DC2114657900D2DD32 /* UORefreshHeader.h */,
				0A4B61DD2114657900D2DD32 /* UORefreshHeader.m */,
				0A4B61E22114719600D2DD32 /* UOCircleView.h */,
				0A4B61E32114719600D2DD32 /* UOCircleView.m */,
			);
			path = RefreshControl;
			sourceTree = "<group>";
		};
		0A8393BD209B0E9200EA1F84 /* AnimateTransition */ = {
			isa = PBXGroup;
			children = (
				0A8393CF209B1B0200EA1F84 /* UOShowAnimation.h */,
				0A8393D0209B1B0200EA1F84 /* UOShowAnimation.m */,
				0A8393C8209B141900EA1F84 /* UODismissAnimation.h */,
				0A8393C9209B141900EA1F84 /* UODismissAnimation.m */,
				0A8393C5209B10F100EA1F84 /* UOPanInteractiveTransition.h */,
				0A8393C6209B10F100EA1F84 /* UOPanInteractiveTransition.m */,
			);
			path = AnimateTransition;
			sourceTree = "<group>";
		};
		0A8393BE209B0EAC00EA1F84 /* Models */ = {
			isa = PBXGroup;
			children = (
				0AF45B9C2080E776001F9765 /* Model.h */,
				0AF45B9D2080E776001F9765 /* Model.m */,
				0A36188D207FB52300273CC8 /* People.h */,
				0A36188E207FB52300273CC8 /* People.m */,
			);
			path = Models;
			sourceTree = "<group>";
		};
		0A8393CB209B178600EA1F84 /* ViewControllers */ = {
			isa = PBXGroup;
			children = (
				0AEE625D2046ECF1000714BD /* ViewController.h */,
				0AEE625E2046ECF1000714BD /* ViewController.m */,
				0A8393D5209B4AC200EA1F84 /* UOModalViewController.h */,
				0A8393D6209B4AC200EA1F84 /* UOModalViewController.m */,
			);
			path = ViewControllers;
			sourceTree = "<group>";
		};
		0A8393D820A0872F00EA1F84 /* Webview */ = {
			isa = PBXGroup;
			children = (
				0A8393D920A087A000EA1F84 /* JSOCHelper.h */,
				0A8393DA20A087A000EA1F84 /* JSOCHelper.m */,
				0A8393DC20A0A48300EA1F84 /* UOWKScriptMessageHandler.h */,
				0A8393DD20A0A48300EA1F84 /* UOWKScriptMessageHandler.m */,
			);
			path = Webview;
			sourceTree = "<group>";
		};
		0A86999220B2A887009DE0F7 /* Runtime */ = {
			isa = PBXGroup;
			children = (
				0A86998F20B2A869009DE0F7 /* UOBaseObject.h */,
				0A86999020B2A86A009DE0F7 /* UOBaseObject.m */,
				0A86999720B2C9E1009DE0F7 /* UOSubObject.h */,
				0A86999820B2C9E1009DE0F7 /* UOSubObject.m */,
				0A86999620B2C78F009DE0F7 /* ModelSerialiseHelper.h */,
			);
			path = Runtime;
			sourceTree = "<group>";
		};
		0A92AE522119F74900DE827F /* Block */ = {
			isa = PBXGroup;
			children = (
				0A92AE4F2119F1DF00DE827F /* UOBlocks.h */,
				0A92AE502119F1DF00DE827F /* UOBlocks.m */,
			);
			path = Block;
			sourceTree = "<group>";
		};
		0AEE624E2046ECF1000714BD = {
			isa = PBXGroup;
			children = (
				0AEE62592046ECF1000714BD /* UOYIU */,
				0AEE62582046ECF1000714BD /* Products */,
				65ACDA49CE8BB7D399CBEC70 /* Pods */,
				CA350E55F8740B5FF4886318 /* Frameworks */,
			);
			sourceTree = "<group>";
		};
		0AEE62582046ECF1000714BD /* Products */ = {
			isa = PBXGroup;
			children = (
				0AEE62572046ECF1000714BD /* UOYIU.app */,
			);
			name = Products;
			sourceTree = "<group>";
		};
		0AEE62592046ECF1000714BD /* UOYIU */ = {
			isa = PBXGroup;
			children = (
				0A4B61D8211464D600D2DD32 /* Info.plist */,
				0AEE625A2046ECF1000714BD /* AppDelegate.h */,
				0AEE625B2046ECF1000714BD /* AppDelegate.m */,
				0A8393CB209B178600EA1F84 /* ViewControllers */,
				0A4B61DB2114653100D2DD32 /* RefreshCircle */,
				0A8393BD209B0E9200EA1F84 /* AnimateTransition */,
				0A418AC120E262C0004297E8 /* Masonry */,
				0A8393D820A0872F00EA1F84 /* Webview */,
				0A8393BE209B0EAC00EA1F84 /* Models */,
				0A418ABC20E252E8004297E8 /* Database */,
				0A86999220B2A887009DE0F7 /* Runtime */,
				0A92AE522119F74900DE827F /* Block */,
				0A4B61D721145E1C00D2DD32 /* Resource */,
			);
			path = UOYIU;
			sourceTree = "<group>";
		};
		65ACDA49CE8BB7D399CBEC70 /* Pods */ = {
			isa = PBXGroup;
			children = (
				83B3176D18362DE4156866A5 /* Pods-UOYIU.debug.xcconfig */,
				EDACC1AF14C7CDD64D6D5056 /* Pods-UOYIU.release.xcconfig */,
				DEFE7633713A7F7A7958B03F /* Pods-UOYIU.inhouse.xcconfig */,
			);
			name = Pods;
			sourceTree = "<group>";
		};
		CA350E55F8740B5FF4886318 /* Frameworks */ = {
			isa = PBXGroup;
			children = (
				4FD06ABCE49B14440D6EC710 /* libPods-UOYIU.a */,
			);
			name = Frameworks;
			sourceTree = "<group>";
		};
/* End PBXGroup section */

/* Begin PBXNativeTarget section */
		0AEE62562046ECF1000714BD /* UOYIU */ = {
			isa = PBXNativeTarget;
			buildConfigurationList = 0AEE626D2046ECF1000714BD /* Build configuration list for PBXNativeTarget "UOYIU" */;
			buildPhases = (
				D6BEF09905D6F5714A679FFD /* [CP] Check Pods Manifest.lock */,
				0AEE62532046ECF1000714BD /* Sources */,
				0AEE62542046ECF1000714BD /* Frameworks */,
				0AEE62552046ECF1000714BD /* Resources */,
			);
			buildRules = (
			);
			dependencies = (
			);
			name = UOYIU;
			productName = UOYIU;
			productReference = 0AEE62572046ECF1000714BD /* UOYIU.app */;
			productType = "com.apple.product-type.application";
		};
/* End PBXNativeTarget section */

/* Begin PBXProject section */
		0AEE624F2046ECF1000714BD /* Project object */ = {
			isa = PBXProject;
			attributes = {
				LastUpgradeCheck = 0920;
				ORGANIZATIONNAME = Macmafia;
				TargetAttributes = {
					0AEE62562046ECF1000714BD = {
						CreatedOnToolsVersion = 9.2;
						ProvisioningStyle = Automatic;
					};
				};
			};
			buildConfigurationList = 0AEE62522046ECF1000714BD /* Build configuration list for PBXProject "UOYIU" */;
			compatibilityVersion = "Xcode 8.0";
			developmentRegion = en;
			hasScannedForEncodings = 0;
			knownRegions = (
				en,
				Base,
			);
			mainGroup = 0AEE624E2046ECF1000714BD;
			productRefGroup = 0AEE62582046ECF1000714BD /* Products */;
			projectDirPath = "";
			projectRoot = "";
			targets = (
				0AEE62562046ECF1000714BD /* UOYIU */,
			);
		};
/* End PBXProject section */

/* Begin PBXResourcesBuildPhase section */
		0AEE62552046ECF1000714BD /* Resources */ = {
			isa = PBXResourcesBuildPhase;
			buildActionMask = 2147483647;
			files = (
				0AEE62672046ECF1000714BD /* LaunchScreen.storyboard in Resources */,
				0AEE62642046ECF1000714BD /* Assets.xcassets in Resources */,
				0AEE62622046ECF1000714BD /* Main.storyboard in Resources */,
			);
			runOnlyForDeploymentPostprocessing = 0;
		};
/* End PBXResourcesBuildPhase section */

/* Begin PBXShellScriptBuildPhase section */
		D6BEF09905D6F5714A679FFD /* [CP] Check Pods Manifest.lock */ = {
			isa = PBXShellScriptBuildPhase;
			buildActionMask = 2147483647;
			files = (
			);
			inputPaths = (
				"${PODS_PODFILE_DIR_PATH}/Podfile.lock",
				"${PODS_ROOT}/Manifest.lock",
			);
			name = "[CP] Check Pods Manifest.lock";
			outputPaths = (
				"$(DERIVED_FILE_DIR)/Pods-UOYIU-checkManifestLockResult.txt",
			);
			runOnlyForDeploymentPostprocessing = 0;
			shellPath = /bin/sh;
			shellScript = "diff \"${PODS_PODFILE_DIR_PATH}/Podfile.lock\" \"${PODS_ROOT}/Manifest.lock\" > /dev/null\nif [ $? != 0 ] ; then\n    # print error to STDERR\n    echo \"error: The sandbox is not in sync with the Podfile.lock. Run 'pod install' or update your CocoaPods installation.\" >&2\n    exit 1\nfi\n# This output is used by Xcode 'outputs' to avoid re-running this script phase.\necho \"SUCCESS\" > \"${SCRIPT_OUTPUT_FILE_0}\"\n";
			showEnvVarsInLog = 0;
		};
/* End PBXShellScriptBuildPhase section */

/* Begin PBXSourcesBuildPhase section */
		0AEE62532046ECF1000714BD /* Sources */ = {
			isa = PBXSourcesBuildPhase;
			buildActionMask = 2147483647;
			files = (
				0A8393CA209B141900EA1F84 /* UODismissAnimation.m in Sources */,
				0A8393D7209B4AC200EA1F84 /* UOModalViewController.m in Sources */,
				0A86992E20AB2EE1009DE0F7 /* MapModelToMadel2.xcmappingmodel in Sources */,
				0AEE625F2046ECF1000714BD /* ViewController.m in Sources */,
				0A418AC420E262E8004297E8 /* UYMasonryViweController.m in Sources */,
				0A86999920B2C9E1009DE0F7 /* UOSubObject.m in Sources */,
				0A8393DE20A0A48300EA1F84 /* UOWKScriptMessageHandler.m in Sources */,
				0A4B61E42114719600D2DD32 /* UOCircleView.m in Sources */,
				0A8393D1209B1B0200EA1F84 /* UOShowAnimation.m in Sources */,
				0A8393DB20A087A000EA1F84 /* JSOCHelper.m in Sources */,
				0A92AE512119F1DF00DE827F /* UOBlocks.m in Sources */,
				0A36188F207FB52300273CC8 /* People.m in Sources */,
				0AF45B9E2080E776001F9765 /* Model.m in Sources */,
				0AEE626A2046ECF1000714BD /* main.m in Sources */,
				0A4B61DE2114657900D2DD32 /* UORefreshHeader.m in Sources */,
				0AEE625C2046ECF1000714BD /* AppDelegate.m in Sources */,
				0A4B61E721148AF400D2DD32 /* UOProgressViewController.m in Sources */,
				0ABB986020909EEE00079444 /* UOTableViewController.m in Sources */,
				0A418ABF20E253A0004297E8 /* UYDatabase.m in Sources */,
				0ADC53D020A6CDEE0030DA5E /* Model.xcdatamodeld in Sources */,
				0A4B61E1211465EC00D2DD32 /* UORefreshControl.m in Sources */,
				0A8393C7209B10F100EA1F84 /* UOPanInteractiveTransition.m in Sources */,
				0A86999120B2A86A009DE0F7 /* UOBaseObject.m in Sources */,
			);
			runOnlyForDeploymentPostprocessing = 0;
		};
/* End PBXSourcesBuildPhase section */

/* Begin PBXVariantGroup section */
		0AEE62602046ECF1000714BD /* Main.storyboard */ = {
			isa = PBXVariantGroup;
			children = (
				0AEE62612046ECF1000714BD /* Base */,
			);
			name = Main.storyboard;
			sourceTree = "<group>";
		};
		0AEE62652046ECF1000714BD /* LaunchScreen.storyboard */ = {
			isa = PBXVariantGroup;
			children = (
				0AEE62662046ECF1000714BD /* Base */,
			);
			name = LaunchScreen.storyboard;
			sourceTree = "<group>";
		};
/* End PBXVariantGroup section */

/* Begin XCBuildConfiguration section */
		0A8393BB2099D6E600EA1F84 /* INHouse */ = {
			isa = XCBuildConfiguration;
			buildSettings = {
				ALWAYS_SEARCH_USER_PATHS = NO;
				CLANG_ANALYZER_NONNULL = YES;
				CLANG_ANALYZER_NUMBER_OBJECT_CONVERSION = YES_AGGRESSIVE;
				CLANG_CXX_LANGUAGE_STANDARD = "gnu++14";
				CLANG_CXX_LIBRARY = "libc++";
				CLANG_ENABLE_MODULES = YES;
				CLANG_ENABLE_OBJC_ARC = YES;
				CLANG_WARN_BLOCK_CAPTURE_AUTORELEASING = YES;
				CLANG_WARN_BOOL_CONVERSION = YES;
				CLANG_WARN_COMMA = YES;
				CLANG_WARN_CONSTANT_CONVERSION = YES;
				CLANG_WARN_DIRECT_OBJC_ISA_USAGE = YES_ERROR;
				CLANG_WARN_DOCUMENTATION_COMMENTS = YES;
				CLANG_WARN_EMPTY_BODY = YES;
				CLANG_WARN_ENUM_CONVERSION = YES;
				CLANG_WARN_INFINITE_RECURSION = YES;
				CLANG_WARN_INT_CONVERSION = YES;
				CLANG_WARN_NON_LITERAL_NULL_CONVERSION = YES;
				CLANG_WARN_OBJC_LITERAL_CONVERSION = YES;
				CLANG_WARN_OBJC_ROOT_CLASS = YES_ERROR;
				CLANG_WARN_RANGE_LOOP_ANALYSIS = YES;
				CLANG_WARN_STRICT_PROTOTYPES = YES;
				CLANG_WARN_SUSPICIOUS_MOVE = YES;
				CLANG_WARN_UNGUARDED_AVAILABILITY = YES_AGGRESSIVE;
				CLANG_WARN_UNREACHABLE_CODE = YES;
				CLANG_WARN__DUPLICATE_METHOD_MATCH = YES;
				CODE_SIGN_IDENTITY = "iPhone Developer";
				COPY_PHASE_STRIP = NO;
				DEBUG_INFORMATION_FORMAT = "dwarf-with-dsym";
				ENABLE_NS_ASSERTIONS = NO;
				ENABLE_STRICT_OBJC_MSGSEND = YES;
				GCC_C_LANGUAGE_STANDARD = gnu11;
				GCC_NO_COMMON_BLOCKS = YES;
				GCC_WARN_64_TO_32_BIT_CONVERSION = YES;
				GCC_WARN_ABOUT_RETURN_TYPE = YES_ERROR;
				GCC_WARN_UNDECLARED_SELECTOR = YES;
				GCC_WARN_UNINITIALIZED_AUTOS = YES_AGGRESSIVE;
				GCC_WARN_UNUSED_FUNCTION = YES;
				GCC_WARN_UNUSED_VARIABLE = YES;
				IPHONEOS_DEPLOYMENT_TARGET = 11.0;
				MTL_ENABLE_DEBUG_INFO = NO;
				SDKROOT = iphoneos;
				UOYIU_APP_Name = INHoseName;
				VALIDATE_PRODUCT = YES;
			};
			name = INHouse;
		};
		0A8393BC2099D6E600EA1F84 /* INHouse */ = {
			isa = XCBuildConfiguration;
			baseConfigurationReference = DEFE7633713A7F7A7958B03F /* Pods-UOYIU.inhouse.xcconfig */;
			buildSettings = {
				ASSETCATALOG_COMPILER_APPICON_NAME = AppIcon;
				CLANG_ENABLE_OBJC_ARC = YES;
				CLANG_ENABLE_OBJC_WEAK = NO;
				CODE_SIGN_STYLE = Automatic;
				INFOPLIST_FILE = UOYIU/Info.plist;
				IPHONEOS_DEPLOYMENT_TARGET = 11.0;
				LD_RUNPATH_SEARCH_PATHS = "$(inherited) @executable_path/Frameworks";
				PRODUCT_BUNDLE_IDENTIFIER = David.UOYIU;
				PRODUCT_NAME = "$(TARGET_NAME)";
				TARGETED_DEVICE_FAMILY = 1;
			};
			name = INHouse;
		};
		0AEE626B2046ECF1000714BD /* Debug */ = {
			isa = XCBuildConfiguration;
			buildSettings = {
				ALWAYS_SEARCH_USER_PATHS = NO;
				CLANG_ANALYZER_NONNULL = YES;
				CLANG_ANALYZER_NUMBER_OBJECT_CONVERSION = YES_AGGRESSIVE;
				CLANG_CXX_LANGUAGE_STANDARD = "gnu++14";
				CLANG_CXX_LIBRARY = "libc++";
				CLANG_ENABLE_MODULES = YES;
				CLANG_ENABLE_OBJC_ARC = YES;
				CLANG_WARN_BLOCK_CAPTURE_AUTORELEASING = YES;
				CLANG_WARN_BOOL_CONVERSION = YES;
				CLANG_WARN_COMMA = YES;
				CLANG_WARN_CONSTANT_CONVERSION = YES;
				CLANG_WARN_DIRECT_OBJC_ISA_USAGE = YES_ERROR;
				CLANG_WARN_DOCUMENTATION_COMMENTS = YES;
				CLANG_WARN_EMPTY_BODY = YES;
				CLANG_WARN_ENUM_CONVERSION = YES;
				CLANG_WARN_INFINITE_RECURSION = YES;
				CLANG_WARN_INT_CONVERSION = YES;
				CLANG_WARN_NON_LITERAL_NULL_CONVERSION = YES;
				CLANG_WARN_OBJC_LITERAL_CONVERSION = YES;
				CLANG_WARN_OBJC_ROOT_CLASS = YES_ERROR;
				CLANG_WARN_RANGE_LOOP_ANALYSIS = YES;
				CLANG_WARN_STRICT_PROTOTYPES = YES;
				CLANG_WARN_SUSPICIOUS_MOVE = YES;
				CLANG_WARN_UNGUARDED_AVAILABILITY = YES_AGGRESSIVE;
				CLANG_WARN_UNREACHABLE_CODE = YES;
				CLANG_WARN__DUPLICATE_METHOD_MATCH = YES;
				CODE_SIGN_IDENTITY = "iPhone Developer";
				COPY_PHASE_STRIP = NO;
				DEBUG_INFORMATION_FORMAT = dwarf;
				ENABLE_STRICT_OBJC_MSGSEND = YES;
				ENABLE_TESTABILITY = YES;
				GCC_C_LANGUAGE_STANDARD = gnu11;
				GCC_DYNAMIC_NO_PIC = NO;
				GCC_NO_COMMON_BLOCKS = YES;
				GCC_OPTIMIZATION_LEVEL = 0;
				GCC_PREPROCESSOR_DEFINITIONS = (
					"DEBUG=1",
					"$(inherited)",
				);
				GCC_WARN_64_TO_32_BIT_CONVERSION = YES;
				GCC_WARN_ABOUT_RETURN_TYPE = YES_ERROR;
				GCC_WARN_UNDECLARED_SELECTOR = YES;
				GCC_WARN_UNINITIALIZED_AUTOS = YES_AGGRESSIVE;
				GCC_WARN_UNUSED_FUNCTION = YES;
				GCC_WARN_UNUSED_VARIABLE = YES;
				IPHONEOS_DEPLOYMENT_TARGET = 11.0;
				MTL_ENABLE_DEBUG_INFO = YES;
				ONLY_ACTIVE_ARCH = YES;
				SDKROOT = iphoneos;
				UOYIU_APP_Name = DebName;
			};
			name = Debug;
		};
		0AEE626C2046ECF1000714BD /* Release */ = {
			isa = XCBuildConfiguration;
			buildSettings = {
				ALWAYS_SEARCH_USER_PATHS = NO;
				CLANG_ANALYZER_NONNULL = YES;
				CLANG_ANALYZER_NUMBER_OBJECT_CONVERSION = YES_AGGRESSIVE;
				CLANG_CXX_LANGUAGE_STANDARD = "gnu++14";
				CLANG_CXX_LIBRARY = "libc++";
				CLANG_ENABLE_MODULES = YES;
				CLANG_ENABLE_OBJC_ARC = YES;
				CLANG_WARN_BLOCK_CAPTURE_AUTORELEASING = YES;
				CLANG_WARN_BOOL_CONVERSION = YES;
				CLANG_WARN_COMMA = YES;
				CLANG_WARN_CONSTANT_CONVERSION = YES;
				CLANG_WARN_DIRECT_OBJC_ISA_USAGE = YES_ERROR;
				CLANG_WARN_DOCUMENTATION_COMMENTS = YES;
				CLANG_WARN_EMPTY_BODY = YES;
				CLANG_WARN_ENUM_CONVERSION = YES;
				CLANG_WARN_INFINITE_RECURSION = YES;
				CLANG_WARN_INT_CONVERSION = YES;
				CLANG_WARN_NON_LITERAL_NULL_CONVERSION = YES;
				CLANG_WARN_OBJC_LITERAL_CONVERSION = YES;
				CLANG_WARN_OBJC_ROOT_CLASS = YES_ERROR;
				CLANG_WARN_RANGE_LOOP_ANALYSIS = YES;
				CLANG_WARN_STRICT_PROTOTYPES = YES;
				CLANG_WARN_SUSPICIOUS_MOVE = YES;
				CLANG_WARN_UNGUARDED_AVAILABILITY = YES_AGGRESSIVE;
				CLANG_WARN_UNREACHABLE_CODE = YES;
				CLANG_WARN__DUPLICATE_METHOD_MATCH = YES;
				CODE_SIGN_IDENTITY = "iPhone Developer";
				COPY_PHASE_STRIP = NO;
				DEBUG_INFORMATION_FORMAT = "dwarf-with-dsym";
				ENABLE_NS_ASSERTIONS = NO;
				ENABLE_STRICT_OBJC_MSGSEND = YES;
				GCC_C_LANGUAGE_STANDARD = gnu11;
				GCC_NO_COMMON_BLOCKS = YES;
				GCC_WARN_64_TO_32_BIT_CONVERSION = YES;
				GCC_WARN_ABOUT_RETURN_TYPE = YES_ERROR;
				GCC_WARN_UNDECLARED_SELECTOR = YES;
				GCC_WARN_UNINITIALIZED_AUTOS = YES_AGGRESSIVE;
				GCC_WARN_UNUSED_FUNCTION = YES;
				GCC_WARN_UNUSED_VARIABLE = YES;
				IPHONEOS_DEPLOYMENT_TARGET = 11.0;
				MTL_ENABLE_DEBUG_INFO = NO;
				SDKROOT = iphoneos;
				UOYIU_APP_Name = ReleaseName;
				VALIDATE_PRODUCT = YES;
			};
			name = Release;
		};
		0AEE626E2046ECF1000714BD /* Debug */ = {
			isa = XCBuildConfiguration;
			baseConfigurationReference = 83B3176D18362DE4156866A5 /* Pods-UOYIU.debug.xcconfig */;
			buildSettings = {
				ASSETCATALOG_COMPILER_APPICON_NAME = AppIcon;
				CLANG_ENABLE_OBJC_ARC = YES;
				CLANG_ENABLE_OBJC_WEAK = NO;
				CODE_SIGN_STYLE = Automatic;
				INFOPLIST_FILE = UOYIU/Info.plist;
				IPHONEOS_DEPLOYMENT_TARGET = 11.0;
				LD_RUNPATH_SEARCH_PATHS = "$(inherited) @executable_path/Frameworks";
				PRODUCT_BUNDLE_IDENTIFIER = David.UOYIU;
				PRODUCT_NAME = "$(TARGET_NAME)";
				TARGETED_DEVICE_FAMILY = 1;
			};
			name = Debug;
		};
		0AEE626F2046ECF1000714BD /* Release */ = {
			isa = XCBuildConfiguration;
			baseConfigurationReference = EDACC1AF14C7CDD64D6D5056 /* Pods-UOYIU.release.xcconfig */;
			buildSettings = {
				ASSETCATALOG_COMPILER_APPICON_NAME = AppIcon;
				CLANG_ENABLE_OBJC_ARC = YES;
				CLANG_ENABLE_OBJC_WEAK = NO;
				CODE_SIGN_STYLE = Automatic;
				INFOPLIST_FILE = UOYIU/Info.plist;
				IPHONEOS_DEPLOYMENT_TARGET = 11.0;
				LD_RUNPATH_SEARCH_PATHS = "$(inherited) @executable_path/Frameworks";
				PRODUCT_BUNDLE_IDENTIFIER = David.UOYIU;
				PRODUCT_NAME = "$(TARGET_NAME)";
				TARGETED_DEVICE_FAMILY = 1;
			};
			name = Release;
		};
/* End XCBuildConfiguration section */

/* Begin XCConfigurationList section */
		0AEE62522046ECF1000714BD /* Build configuration list for PBXProject "UOYIU" */ = {
			isa = XCConfigurationList;
			buildConfigurations = (
				0AEE626B2046ECF1000714BD /* Debug */,
				0AEE626C2046ECF1000714BD /* Release */,
				0A8393BB2099D6E600EA1F84 /* INHouse */,
			);
			defaultConfigurationIsVisible = 0;
			defaultConfigurationName = Release;
		};
		0AEE626D2046ECF1000714BD /* Build configuration list for PBXNativeTarget "UOYIU" */ = {
			isa = XCConfigurationList;
			buildConfigurations = (
				0AEE626E2046ECF1000714BD /* Debug */,
				0AEE626F2046ECF1000714BD /* Release */,
				0A8393BC2099D6E600EA1F84 /* INHouse */,
			);
			defaultConfigurationIsVisible = 0;
			defaultConfigurationName = Release;
		};
/* End XCConfigurationList section */

/* Begin XCVersionGroup section */
		0ADC53CE20A6CDEE0030DA5E /* Model.xcdatamodeld */ = {
			isa = XCVersionGroup;
			children = (
				0A86992C20A9DDBE009DE0F7 /* Model2.xcdatamodel */,
				0ADC53CF20A6CDEE0030DA5E /* Model.xcdatamodel */,
			);
			currentVersion = 0ADC53CF20A6CDEE0030DA5E /* Model.xcdatamodel */;
			path = Model.xcdatamodeld;
			sourceTree = "<group>";
			versionGroupType = wrapper.xcdatamodel;
		};
/* End XCVersionGroup section */
	};
	rootObject = 0AEE624F2046ECF1000714BD /* Project object */;
}
